
Microsoft Visual Studio Solution File, Format Version 12.00
# Visual Studio Version 17
VisualStudioVersion = 17.5.33414.496
MinimumVisualStudioVersion = 10.0.40219.1
Project("{FAE04EC0-301F-11D3-BF4B-00C04F79EFBC}") = "ZawodyWin", "ZawodyWin\ZawodyWin.csproj", "{925469D3-EF75-43F7-B499-F94C19691115}"
EndProject
Global
	GlobalSection(SolutionConfigurationPlatforms) = preSolution
		Debug|Any CPU = Debug|Any CPU
		Release|Any CPU = Release|Any CPU
	EndGlobalSection
	GlobalSection(ProjectConfigurationPlatforms) = postSolution
		{925469D3-EF75-43F7-B499-F94C19691115}.Debug|Any CPU.ActiveCfg = Debug|Any CPU
		{925469D3-EF75-43F7-B499-F94C19691115}.Debug|Any CPU.Build.0 = Debug|Any CPU
		{925469D3-EF75-43F7-B499-F94C19691115}.Release|Any CPU.ActiveCfg = Release|Any CPU
		{925469D3-EF75-43F7-B499-F94C19691115}.Release|Any CPU.Build.0 = Release|Any CPU
	EndGlobalSection
	GlobalSection(SolutionProperties) = preSolution
		HideSolutionNode = FALSE
	EndGlobalSection
	GlobalSection(ExtensibilityGlobals) = postSolution
		SolutionGuid = {528BF6FE-D70F-4E03-B65B-D06E38524DB1}
	EndGlobalSection
EndGlobal
